
Microsoft Visual Studio Solution File, Format Version 12.00
# Visual Studio Version 17
VisualStudioVersion = 17.0.31903.59
MinimumVisualStudioVersion = 10.0.40219.1
Project("{FAE04EC0-301F-11D3-BF4B-00C04F79EFBC}") = "Chickensoft.Platform", "Chickensoft.Platform\Chickensoft.Platform.csproj", "{9209C7B2-46A9-4327-98D7-9B67F681FB21}"
EndProject
Project("{2150E333-8FDC-42A3-9474-1A3956D46DE8}") = "sandbox", "sandbox", "{34D8CB5D-1D87-4985-B22E-261F452F7D07}"
EndProject
Project("{FAE04EC0-301F-11D3-BF4B-00C04F79EFBC}") = "Chickensoft.Platform.SandboxRef", "sandbox\Chickensoft.Platform.SandboxRef\Chickensoft.Platform.SandboxRef.csproj", "{5D4B3F8A-6DE2-47AB-B798-CA67265C0D34}"
EndProject
Global
	GlobalSection(SolutionConfigurationPlatforms) = preSolution
		Debug|Any CPU = Debug|Any CPU
		Release|Any CPU = Release|Any CPU
	EndGlobalSection
	GlobalSection(SolutionProperties) = preSolution
		HideSolutionNode = FALSE
	EndGlobalSection
	GlobalSection(ProjectConfigurationPlatforms) = postSolution
		{9209C7B2-46A9-4327-98D7-9B67F681FB21}.Debug|Any CPU.ActiveCfg = Debug|Any CPU
		{9209C7B2-46A9-4327-98D7-9B67F681FB21}.Debug|Any CPU.Build.0 = Debug|Any CPU
		{9209C7B2-46A9-4327-98D7-9B67F681FB21}.Release|Any CPU.ActiveCfg = Release|Any CPU
		{9209C7B2-46A9-4327-98D7-9B67F681FB21}.Release|Any CPU.Build.0 = Release|Any CPU
		{5D4B3F8A-6DE2-47AB-B798-CA67265C0D34}.Debug|Any CPU.ActiveCfg = Debug|Any CPU
		{5D4B3F8A-6DE2-47AB-B798-CA67265C0D34}.Debug|Any CPU.Build.0 = Debug|Any CPU
		{5D4B3F8A-6DE2-47AB-B798-CA67265C0D34}.Release|Any CPU.ActiveCfg = Debug|Any CPU
		{5D4B3F8A-6DE2-47AB-B798-CA67265C0D34}.Release|Any CPU.Build.0 = Debug|Any CPU
	EndGlobalSection
	GlobalSection(NestedProjects) = preSolution
		{5D4B3F8A-6DE2-47AB-B798-CA67265C0D34} = {34D8CB5D-1D87-4985-B22E-261F452F7D07}
	EndGlobalSection
EndGlobal
